
Microsoft Visual Studio Solution File, Format Version 12.00
# Visual Studio 15
VisualStudioVersion = 15.0.28307.1525
MinimumVisualStudioVersion = 10.0.40219.1
Project("{9A19103F-16F7-4668-BE54-9A1E7A4F7556}") = "ExpenseManagementSystem_Api", "ExpenseManagementSystem_Api\ExpenseManagementSystem_Api.csproj", "{777ABA70-A19D-4B30-BE76-14096E57FAF5}"
EndProject
Project("{FAE04EC0-301F-11D3-BF4B-00C04F79EFBC}") = "ExpenseManagementSystem_Mvc", "ExpenseManagementSystem_Mvc\ExpenseManagementSystem_Mvc.csproj", "{C282337E-746B-4744-9730-1B910CC150A7}"
EndProject
Global
	GlobalSection(SolutionConfigurationPlatforms) = preSolution
		Debug|Any CPU = Debug|Any CPU
		Release|Any CPU = Release|Any CPU
	EndGlobalSection
	GlobalSection(ProjectConfigurationPlatforms) = postSolution
		{777ABA70-A19D-4B30-BE76-14096E57FAF5}.Debug|Any CPU.ActiveCfg = Debug|Any CPU
		{777ABA70-A19D-4B30-BE76-14096E57FAF5}.Debug|Any CPU.Build.0 = Debug|Any CPU
		{777ABA70-A19D-4B30-BE76-14096E57FAF5}.Release|Any CPU.ActiveCfg = Release|Any CPU
		{777ABA70-A19D-4B30-BE76-14096E57FAF5}.Release|Any CPU.Build.0 = Release|Any CPU
		{C282337E-746B-4744-9730-1B910CC150A7}.Debug|Any CPU.ActiveCfg = Debug|Any CPU
		{C282337E-746B-4744-9730-1B910CC150A7}.Debug|Any CPU.Build.0 = Debug|Any CPU
		{C282337E-746B-4744-9730-1B910CC150A7}.Release|Any CPU.ActiveCfg = Release|Any CPU
		{C282337E-746B-4744-9730-1B910CC150A7}.Release|Any CPU.Build.0 = Release|Any CPU
	EndGlobalSection
	GlobalSection(SolutionProperties) = preSolution
		HideSolutionNode = FALSE
	EndGlobalSection
	GlobalSection(ExtensibilityGlobals) = postSolution
		SolutionGuid = {A89CB52E-69B5-44C6-BD3D-2E64E8C3E0ED}
	EndGlobalSection
EndGlobal
